{
    "version": 3,
    "terraform_version": "0.10.0",
    "serial": 6,
    "lineage": "0c3f4f72-9340-4496-b212-d9b9a18b6b7b",
    "modules": [
        {
            "path": [
                "root"
            ],
            "outputs": {},
            "resources": {
                "kubernetes_namespace.test": {
                    "type": "kubernetes_namespace",
                    "depends_on": [],
                    "primary": {
                        "id": "terraform-test-namespace-2",
                        "attributes": {
                            "id": "terraform-test-namespace-2",
                            "metadata.#": "1",
                            "metadata.0.annotations.%": "1",
                            "metadata.0.annotations.name": "test-annotation",
                            "metadata.0.generate_name": "",
                            "metadata.0.generation": "0",
                            "metadata.0.labels.%": "1",
                            "metadata.0.labels.version": "v2",
                            "metadata.0.name": "terraform-test-namespace-2",
                            "metadata.0.resource_version": "25812374",
                            "metadata.0.self_link": "/api/v1/namespacesterraform-test-namespace-2",
                            "metadata.0.uid": "e9a0f011-9211-11e7-b173-42f29b6eec9b"
                        },
                        "meta": {},
                        "tainted": false
                    },
                    "deposed": [],
                    "provider": ""
                }
            },
            "depends_on": []
        }
    ]
}
